
Microsoft Visual Studio Solution File, Format Version 12.00
# Visual Studio Version 16
VisualStudioVersion = 16.0.30114.105
MinimumVisualStudioVersion = 10.0.40219.1
Project("{FAE04EC0-301F-11D3-BF4B-00C04F79EFBC}") = "gantting.application", "gantting.application\gantting.application.csproj", "{6A4BCDF8-B61B-4E22-89C7-EB8C80ED808D}"
EndProject
Project("{FAE04EC0-301F-11D3-BF4B-00C04F79EFBC}") = "gantting.domain", "gantting.domain\gantting.domain.csproj", "{7688E471-9D73-465E-BD28-ED8BDA941CB8}"
EndProject
Project("{FAE04EC0-301F-11D3-BF4B-00C04F79EFBC}") = "gantting.api", "gantting.api\gantting.api.csproj", "{BFABD5E1-C6BD-46B7-B6E5-6E8E400327C8}"
EndProject
Project("{FAE04EC0-301F-11D3-BF4B-00C04F79EFBC}") = "gantting.persistence", "gantting.persistence\gantting.persistence.csproj", "{F48D37FA-74FF-4CD1-A6E1-F8D47E873A80}"
EndProject
Global
	GlobalSection(SolutionConfigurationPlatforms) = preSolution
		Debug|Any CPU = Debug|Any CPU
		Debug|x64 = Debug|x64
		Debug|x86 = Debug|x86
		Release|Any CPU = Release|Any CPU
		Release|x64 = Release|x64
		Release|x86 = Release|x86
	EndGlobalSection
	GlobalSection(SolutionProperties) = preSolution
		HideSolutionNode = FALSE
	EndGlobalSection
	GlobalSection(ProjectConfigurationPlatforms) = postSolution
		{6A4BCDF8-B61B-4E22-89C7-EB8C80ED808D}.Debug|Any CPU.ActiveCfg = Debug|Any CPU
		{6A4BCDF8-B61B-4E22-89C7-EB8C80ED808D}.Debug|Any CPU.Build.0 = Debug|Any CPU
		{6A4BCDF8-B61B-4E22-89C7-EB8C80ED808D}.Debug|x64.ActiveCfg = Debug|Any CPU
		{6A4BCDF8-B61B-4E22-89C7-EB8C80ED808D}.Debug|x64.Build.0 = Debug|Any CPU
		{6A4BCDF8-B61B-4E22-89C7-EB8C80ED808D}.Debug|x86.ActiveCfg = Debug|Any CPU
		{6A4BCDF8-B61B-4E22-89C7-EB8C80ED808D}.Debug|x86.Build.0 = Debug|Any CPU
		{6A4BCDF8-B61B-4E22-89C7-EB8C80ED808D}.Release|Any CPU.ActiveCfg = Release|Any CPU
		{6A4BCDF8-B61B-4E22-89C7-EB8C80ED808D}.Release|Any CPU.Build.0 = Release|Any CPU
		{6A4BCDF8-B61B-4E22-89C7-EB8C80ED808D}.Release|x64.ActiveCfg = Release|Any CPU
		{6A4BCDF8-B61B-4E22-89C7-EB8C80ED808D}.Release|x64.Build.0 = Release|Any CPU
		{6A4BCDF8-B61B-4E22-89C7-EB8C80ED808D}.Release|x86.ActiveCfg = Release|Any CPU
		{6A4BCDF8-B61B-4E22-89C7-EB8C80ED808D}.Release|x86.Build.0 = Release|Any CPU
		{7688E471-9D73-465E-BD28-ED8BDA941CB8}.Debug|Any CPU.ActiveCfg = Debug|Any CPU
		{7688E471-9D73-465E-BD28-ED8BDA941CB8}.Debug|Any CPU.Build.0 = Debug|Any CPU
		{7688E471-9D73-465E-BD28-ED8BDA941CB8}.Debug|x64.ActiveCfg = Debug|Any CPU
		{7688E471-9D73-465E-BD28-ED8BDA941CB8}.Debug|x64.Build.0 = Debug|Any CPU
		{7688E471-9D73-465E-BD28-ED8BDA941CB8}.Debug|x86.ActiveCfg = Debug|Any CPU
		{7688E471-9D73-465E-BD28-ED8BDA941CB8}.Debug|x86.Build.0 = Debug|Any CPU
		{7688E471-9D73-465E-BD28-ED8BDA941CB8}.Release|Any CPU.ActiveCfg = Release|Any CPU
		{7688E471-9D73-465E-BD28-ED8BDA941CB8}.Release|Any CPU.Build.0 = Release|Any CPU
		{7688E471-9D73-465E-BD28-ED8BDA941CB8}.Release|x64.ActiveCfg = Release|Any CPU
		{7688E471-9D73-465E-BD28-ED8BDA941CB8}.Release|x64.Build.0 = Release|Any CPU
		{7688E471-9D73-465E-BD28-ED8BDA941CB8}.Release|x86.ActiveCfg = Release|Any CPU
		{7688E471-9D73-465E-BD28-ED8BDA941CB8}.Release|x86.Build.0 = Release|Any CPU
		{BFABD5E1-C6BD-46B7-B6E5-6E8E400327C8}.Debug|Any CPU.ActiveCfg = Debug|Any CPU
		{BFABD5E1-C6BD-46B7-B6E5-6E8E400327C8}.Debug|Any CPU.Build.0 = Debug|Any CPU
		{BFABD5E1-C6BD-46B7-B6E5-6E8E400327C8}.Debug|x64.ActiveCfg = Debug|Any CPU
		{BFABD5E1-C6BD-46B7-B6E5-6E8E400327C8}.Debug|x64.Build.0 = Debug|Any CPU
		{BFABD5E1-C6BD-46B7-B6E5-6E8E400327C8}.Debug|x86.ActiveCfg = Debug|Any CPU
		{BFABD5E1-C6BD-46B7-B6E5-6E8E400327C8}.Debug|x86.Build.0 = Debug|Any CPU
		{BFABD5E1-C6BD-46B7-B6E5-6E8E400327C8}.Release|Any CPU.ActiveCfg = Release|Any CPU
		{BFABD5E1-C6BD-46B7-B6E5-6E8E400327C8}.Release|Any CPU.Build.0 = Release|Any CPU
		{BFABD5E1-C6BD-46B7-B6E5-6E8E400327C8}.Release|x64.ActiveCfg = Release|Any CPU
		{BFABD5E1-C6BD-46B7-B6E5-6E8E400327C8}.Release|x64.Build.0 = Release|Any CPU
		{BFABD5E1-C6BD-46B7-B6E5-6E8E400327C8}.Release|x86.ActiveCfg = Release|Any CPU
		{BFABD5E1-C6BD-46B7-B6E5-6E8E400327C8}.Release|x86.Build.0 = Release|Any CPU
		{F48D37FA-74FF-4CD1-A6E1-F8D47E873A80}.Debug|Any CPU.ActiveCfg = Debug|Any CPU
		{F48D37FA-74FF-4CD1-A6E1-F8D47E873A80}.Debug|Any CPU.Build.0 = Debug|Any CPU
		{F48D37FA-74FF-4CD1-A6E1-F8D47E873A80}.Debug|x64.ActiveCfg = Debug|Any CPU
		{F48D37FA-74FF-4CD1-A6E1-F8D47E873A80}.Debug|x64.Build.0 = Debug|Any CPU
		{F48D37FA-74FF-4CD1-A6E1-F8D47E873A80}.Debug|x86.ActiveCfg = Debug|Any CPU
		{F48D37FA-74FF-4CD1-A6E1-F8D47E873A80}.Debug|x86.Build.0 = Debug|Any CPU
		{F48D37FA-74FF-4CD1-A6E1-F8D47E873A80}.Release|Any CPU.ActiveCfg = Release|Any CPU
		{F48D37FA-74FF-4CD1-A6E1-F8D47E873A80}.Release|Any CPU.Build.0 = Release|Any CPU
		{F48D37FA-74FF-4CD1-A6E1-F8D47E873A80}.Release|x64.ActiveCfg = Release|Any CPU
		{F48D37FA-74FF-4CD1-A6E1-F8D47E873A80}.Release|x64.Build.0 = Release|Any CPU
		{F48D37FA-74FF-4CD1-A6E1-F8D47E873A80}.Release|x86.ActiveCfg = Release|Any CPU
		{F48D37FA-74FF-4CD1-A6E1-F8D47E873A80}.Release|x86.Build.0 = Release|Any CPU
	EndGlobalSection
EndGlobal
